
Microsoft Visual Studio Solution File, Format Version 12.00
# Visual Studio Version 17
VisualStudioVersion = 17.5.002.0
MinimumVisualStudioVersion = 10.0.40219.1
Project("{9A19103F-16F7-4668-BE54-9A1E7A4F7556}") = "TestCart", "TestCart\TestCart.csproj", "{659D261A-2C5E-4F26-8735-3CE85F6BC333}"
EndProject
Global
	GlobalSection(SolutionConfigurationPlatforms) = preSolution
		Debug|Any CPU = Debug|Any CPU
		Release|Any CPU = Release|Any CPU
	EndGlobalSection
	GlobalSection(ProjectConfigurationPlatforms) = postSolution
		{659D261A-2C5E-4F26-8735-3CE85F6BC333}.Debug|Any CPU.ActiveCfg = Debug|Any CPU
		{659D261A-2C5E-4F26-8735-3CE85F6BC333}.Debug|Any CPU.Build.0 = Debug|Any CPU
		{659D261A-2C5E-4F26-8735-3CE85F6BC333}.Release|Any CPU.ActiveCfg = Release|Any CPU
		{659D261A-2C5E-4F26-8735-3CE85F6BC333}.Release|Any CPU.Build.0 = Release|Any CPU
	EndGlobalSection
	GlobalSection(SolutionProperties) = preSolution
		HideSolutionNode = FALSE
	EndGlobalSection
	GlobalSection(ExtensibilityGlobals) = postSolution
		SolutionGuid = {D4139C5D-F32C-45ED-B069-98E974CC39DA}
	EndGlobalSection
EndGlobal
